
Microsoft Visual Studio Solution File, Format Version 12.00
# Visual Studio Version 17
VisualStudioVersion = 17.10.35013.160
MinimumVisualStudioVersion = 10.0.40219.1
Project("{FAE04EC0-301F-11D3-BF4B-00C04F79EFBC}") = "Cliente.Api", "Cliente.Api\Cliente.Api.csproj", "{A5EBD78F-7982-436D-8A4B-68FF9288C3F0}"
EndProject
Global
	GlobalSection(SolutionConfigurationPlatforms) = preSolution
		Debug|Any CPU = Debug|Any CPU
		Release|Any CPU = Release|Any CPU
	EndGlobalSection
	GlobalSection(ProjectConfigurationPlatforms) = postSolution
		{A5EBD78F-7982-436D-8A4B-68FF9288C3F0}.Debug|Any CPU.ActiveCfg = Debug|Any CPU
		{A5EBD78F-7982-436D-8A4B-68FF9288C3F0}.Debug|Any CPU.Build.0 = Debug|Any CPU
		{A5EBD78F-7982-436D-8A4B-68FF9288C3F0}.Release|Any CPU.ActiveCfg = Release|Any CPU
		{A5EBD78F-7982-436D-8A4B-68FF9288C3F0}.Release|Any CPU.Build.0 = Release|Any CPU
	EndGlobalSection
	GlobalSection(SolutionProperties) = preSolution
		HideSolutionNode = FALSE
	EndGlobalSection
	GlobalSection(ExtensibilityGlobals) = postSolution
		SolutionGuid = {205B4C36-FA33-4F76-BC81-85988A8ADD55}
	EndGlobalSection
EndGlobal
