
Microsoft Visual Studio Solution File, Format Version 12.00
# Visual Studio Version 17
VisualStudioVersion = 17.10.35013.160
MinimumVisualStudioVersion = 10.0.40219.1
Project("{9A19103F-16F7-4668-BE54-9A1E7A4F7556}") = "Clientes.Aplicacao", "Clientes.Aplicacao\Clientes.Aplicacao.csproj", "{5607B2BE-5D7E-4A39-97FC-19003E958829}"
EndProject
Project("{9A19103F-16F7-4668-BE54-9A1E7A4F7556}") = "Clientes.Infra", "Clientes.Infra\Clientes.Infra.csproj", "{B4F45CA2-DC2F-4881-86BD-13B10149AD5D}"
EndProject
Project("{9A19103F-16F7-4668-BE54-9A1E7A4F7556}") = "Clientes.Api", "Clientes.Api\Clientes.Api.csproj", "{F1EED998-F28C-493D-BD5A-61CCC66E34DF}"
EndProject
Project("{9A19103F-16F7-4668-BE54-9A1E7A4F7556}") = "Clientes.Dominio", "Clientes.Dominio\Clientes.Dominio.csproj", "{A0769870-A239-4E4F-9F8B-66B48DD2A7B6}"
EndProject
Global
	GlobalSection(SolutionConfigurationPlatforms) = preSolution
		Debug|Any CPU = Debug|Any CPU
		Release|Any CPU = Release|Any CPU
	EndGlobalSection
	GlobalSection(ProjectConfigurationPlatforms) = postSolution
		{5607B2BE-5D7E-4A39-97FC-19003E958829}.Debug|Any CPU.ActiveCfg = Debug|Any CPU
		{5607B2BE-5D7E-4A39-97FC-19003E958829}.Debug|Any CPU.Build.0 = Debug|Any CPU
		{5607B2BE-5D7E-4A39-97FC-19003E958829}.Release|Any CPU.ActiveCfg = Release|Any CPU
		{5607B2BE-5D7E-4A39-97FC-19003E958829}.Release|Any CPU.Build.0 = Release|Any CPU
		{B4F45CA2-DC2F-4881-86BD-13B10149AD5D}.Debug|Any CPU.ActiveCfg = Debug|Any CPU
		{B4F45CA2-DC2F-4881-86BD-13B10149AD5D}.Debug|Any CPU.Build.0 = Debug|Any CPU
		{B4F45CA2-DC2F-4881-86BD-13B10149AD5D}.Release|Any CPU.ActiveCfg = Release|Any CPU
		{B4F45CA2-DC2F-4881-86BD-13B10149AD5D}.Release|Any CPU.Build.0 = Release|Any CPU
		{F1EED998-F28C-493D-BD5A-61CCC66E34DF}.Debug|Any CPU.ActiveCfg = Debug|Any CPU
		{F1EED998-F28C-493D-BD5A-61CCC66E34DF}.Debug|Any CPU.Build.0 = Debug|Any CPU
		{F1EED998-F28C-493D-BD5A-61CCC66E34DF}.Release|Any CPU.ActiveCfg = Release|Any CPU
		{F1EED998-F28C-493D-BD5A-61CCC66E34DF}.Release|Any CPU.Build.0 = Release|Any CPU
		{A0769870-A239-4E4F-9F8B-66B48DD2A7B6}.Debug|Any CPU.ActiveCfg = Debug|Any CPU
		{A0769870-A239-4E4F-9F8B-66B48DD2A7B6}.Debug|Any CPU.Build.0 = Debug|Any CPU
		{A0769870-A239-4E4F-9F8B-66B48DD2A7B6}.Release|Any CPU.ActiveCfg = Release|Any CPU
		{A0769870-A239-4E4F-9F8B-66B48DD2A7B6}.Release|Any CPU.Build.0 = Release|Any CPU
	EndGlobalSection
	GlobalSection(SolutionProperties) = preSolution
		HideSolutionNode = FALSE
	EndGlobalSection
	GlobalSection(ExtensibilityGlobals) = postSolution
		SolutionGuid = {205B4C36-FA33-4F76-BC81-85988A8ADD55}
	EndGlobalSection
EndGlobal
